{
  "name": "my-project",
  "version": "1.0.0",
  "lockfileVersion": 1,
  "requires": true,
  "dependencies": {
    "jest": {
      "version": "27.2.0",
      "resolved": "https://registry.npmjs.org/jest/-/jest-27.2.0.tgz",
      "integrity": "<integrity-hash>"
      // Other Jest dependencies
    }
    // Other dependencies of your project
  }
}
